
Microsoft Visual Studio Solution File, Format Version 12.00
# Visual Studio Version 17
VisualStudioVersion = 17.11.35208.52
MinimumVisualStudioVersion = 10.0.40219.1
Project("{9A19103F-16F7-4668-BE54-9A1E7A4F7556}") = "XAFBlazorEnumPropertyEditor.Module", "XAFBlazorEnumPropertyEditor.Module\XAFBlazorEnumPropertyEditor.Module.csproj", "{4B85C341-641D-4B36-B2F7-D5912449948F}"
EndProject
Project("{9A19103F-16F7-4668-BE54-9A1E7A4F7556}") = "XAFBlazorEnumPropertyEditor.Blazor.Server", "XAFBlazorEnumPropertyEditor.Blazor.Server\XAFBlazorEnumPropertyEditor.Blazor.Server.csproj", "{E7B7BDA5-E957-4253-9B77-3CA8748648FE}"
EndProject
Global
	GlobalSection(SolutionConfigurationPlatforms) = preSolution
		Debug|Any CPU = Debug|Any CPU
		EasyTest|Any CPU = EasyTest|Any CPU
		Release|Any CPU = Release|Any CPU
	EndGlobalSection
	GlobalSection(ProjectConfigurationPlatforms) = postSolution
		{4B85C341-641D-4B36-B2F7-D5912449948F}.Debug|Any CPU.ActiveCfg = Debug|Any CPU
		{4B85C341-641D-4B36-B2F7-D5912449948F}.Debug|Any CPU.Build.0 = Debug|Any CPU
		{4B85C341-641D-4B36-B2F7-D5912449948F}.EasyTest|Any CPU.ActiveCfg = EasyTest|Any CPU
		{4B85C341-641D-4B36-B2F7-D5912449948F}.EasyTest|Any CPU.Build.0 = EasyTest|Any CPU
		{4B85C341-641D-4B36-B2F7-D5912449948F}.Release|Any CPU.ActiveCfg = Release|Any CPU
		{4B85C341-641D-4B36-B2F7-D5912449948F}.Release|Any CPU.Build.0 = Release|Any CPU
		{E7B7BDA5-E957-4253-9B77-3CA8748648FE}.Debug|Any CPU.ActiveCfg = Debug|Any CPU
		{E7B7BDA5-E957-4253-9B77-3CA8748648FE}.Debug|Any CPU.Build.0 = Debug|Any CPU
		{E7B7BDA5-E957-4253-9B77-3CA8748648FE}.EasyTest|Any CPU.ActiveCfg = EasyTest|Any CPU
		{E7B7BDA5-E957-4253-9B77-3CA8748648FE}.EasyTest|Any CPU.Build.0 = EasyTest|Any CPU
		{E7B7BDA5-E957-4253-9B77-3CA8748648FE}.Release|Any CPU.ActiveCfg = Release|Any CPU
		{E7B7BDA5-E957-4253-9B77-3CA8748648FE}.Release|Any CPU.Build.0 = Release|Any CPU
	EndGlobalSection
	GlobalSection(SolutionProperties) = preSolution
		HideSolutionNode = FALSE
	EndGlobalSection
	GlobalSection(ExtensibilityGlobals) = postSolution
		SolutionGuid = {CC9537AA-F632-4779-B99B-3A572DBEDF67}
	EndGlobalSection
EndGlobal
